
Microsoft Visual Studio Solution File, Format Version 12.00
# Visual Studio Version 17
VisualStudioVersion = 17.12.35506.116
MinimumVisualStudioVersion = 10.0.40219.1
Project("{FAE04EC0-301F-11D3-BF4B-00C04F79EFBC}") = "CityMaster.cs", "CityMaster.cs\CityMaster.cs.csproj", "{7788BEC4-30A7-4320-8DC1-305BFCA70B90}"
EndProject
Project("{2150E333-8FDC-42A3-9474-1A3956D46DE8}") = "Solution Items", "Solution Items", "{3770DEA2-4CA5-4B4B-BE80-75E740BBA741}"
	ProjectSection(SolutionItems) = preProject
		.gitignore = .gitignore
		README.md = README.md
		CityMaster.cs\bin\Debug\GameLog.log = CityMaster.cs\bin\Debug\GameLog.log
	EndProjectSection
EndProject
Global
	GlobalSection(SolutionConfigurationPlatforms) = preSolution
		Debug|Any CPU = Debug|Any CPU
		Release|Any CPU = Release|Any CPU
	EndGlobalSection
	GlobalSection(ProjectConfigurationPlatforms) = postSolution
		{7788BEC4-30A7-4320-8DC1-305BFCA70B90}.Debug|Any CPU.ActiveCfg = Debug|Any CPU
		{7788BEC4-30A7-4320-8DC1-305BFCA70B90}.Debug|Any CPU.Build.0 = Debug|Any CPU
		{7788BEC4-30A7-4320-8DC1-305BFCA70B90}.Release|Any CPU.ActiveCfg = Release|Any CPU
		{7788BEC4-30A7-4320-8DC1-305BFCA70B90}.Release|Any CPU.Build.0 = Release|Any CPU
	EndGlobalSection
	GlobalSection(SolutionProperties) = preSolution
		HideSolutionNode = FALSE
	EndGlobalSection
EndGlobal
